
Microsoft Visual Studio Solution File, Format Version 12.00
# Visual Studio Version 17
VisualStudioVersion = 17.5.002.0
MinimumVisualStudioVersion = 10.0.40219.1
Project("{2150E333-8FDC-42A3-9474-1A3956D46DE8}") = "csharp-prep", "csharp-prep", "{22E8E309-53EB-40F3-8EB7-E0E48A99A114}"
EndProject
Project("{9A19103F-16F7-4668-BE54-9A1E7A4F7556}") = "Prep1", "csharp-prep\Prep1\Prep1.csproj", "{6A6D3C24-741D-49ED-B54D-0E47002B1ED0}"
EndProject
Project("{9A19103F-16F7-4668-BE54-9A1E7A4F7556}") = "Prep2", "csharp-prep\Prep2\Prep2.csproj", "{2D232059-3920-4627-AF4D-84CC99CAC198}"
EndProject
Project("{9A19103F-16F7-4668-BE54-9A1E7A4F7556}") = "Prep3", "csharp-prep\Prep3\Prep3.csproj", "{1800B482-D913-47E8-9236-9A918C825426}"
EndProject
Project("{9A19103F-16F7-4668-BE54-9A1E7A4F7556}") = "Prep4", "csharp-prep\Prep4\Prep4.csproj", "{01341231-E014-4AB3-9C40-5F0F469698A2}"
EndProject
Project("{9A19103F-16F7-4668-BE54-9A1E7A4F7556}") = "Prep5", "csharp-prep\Prep5\Prep5.csproj", "{4D8EB96C-2B30-43B8-B5F6-3037F607693E}"
EndProject
Project("{2150E333-8FDC-42A3-9474-1A3956D46DE8}") = "final", "final", "{C2218F35-D58C-4D72-AE78-F6AC85CD1BDA}"
EndProject
Project("{9A19103F-16F7-4668-BE54-9A1E7A4F7556}") = "FinalProject", "final\FinalProject\FinalProject.csproj", "{C5D000A4-36F9-46B6-BB05-42D067E9496D}"
EndProject
Project("{9A19103F-16F7-4668-BE54-9A1E7A4F7556}") = "Foundation1", "final\Foundation1\Foundation1.csproj", "{92990134-4EB2-42EE-8682-71ABA612E9AA}"
EndProject
Project("{9A19103F-16F7-4668-BE54-9A1E7A4F7556}") = "Foundation2", "final\Foundation2\Foundation2.csproj", "{9CF232BD-E268-4DFF-A066-C50CE08F3D1A}"
EndProject
Project("{9A19103F-16F7-4668-BE54-9A1E7A4F7556}") = "Foundation3", "final\Foundation3\Foundation3.csproj", "{D45412F7-53AF-4D34-964E-1145EAFB7157}"
EndProject
Project("{9A19103F-16F7-4668-BE54-9A1E7A4F7556}") = "Foundation4", "final\Foundation4\Foundation4.csproj", "{50354A0C-A3FF-41D8-8AA4-8BB16EE4D584}"
EndProject
Project("{2150E333-8FDC-42A3-9474-1A3956D46DE8}") = "prepare", "prepare", "{F922A71C-68B9-4352-84FA-CB3D93C534AD}"
EndProject
Project("{9A19103F-16F7-4668-BE54-9A1E7A4F7556}") = "Learning02", "prepare\Learning02\Learning02.csproj", "{088058D9-0BC6-4A3F-8970-DE78AD734039}"
EndProject
Project("{9A19103F-16F7-4668-BE54-9A1E7A4F7556}") = "Learning03", "prepare\Learning03\Learning03.csproj", "{045C1311-55AD-42DE-B195-59FFA02B41A8}"
EndProject
Project("{9A19103F-16F7-4668-BE54-9A1E7A4F7556}") = "Learning04", "prepare\Learning04\Learning04.csproj", "{77395E26-274B-44C1-B4A4-DD5AB51ECE79}"
EndProject
Project("{9A19103F-16F7-4668-BE54-9A1E7A4F7556}") = "Learning05", "prepare\Learning05\Learning05.csproj", "{B4B5841F-A83A-4324-B9C6-F6ED6DAE3C63}"
EndProject
Project("{2150E333-8FDC-42A3-9474-1A3956D46DE8}") = "prove", "prove", "{49CDF280-6B67-412C-B2B2-BE4733CC63DB}"
EndProject
Project("{9A19103F-16F7-4668-BE54-9A1E7A4F7556}") = "Develop02", "prove\Develop02\Develop02.csproj", "{6EC09FA2-7E8E-49FE-9584-AE239C40692C}"
EndProject
Project("{9A19103F-16F7-4668-BE54-9A1E7A4F7556}") = "Develop03", "prove\Develop03\Develop03.csproj", "{D7738B4B-D6E2-48CF-B0D7-9649B0DF7325}"
EndProject
Project("{9A19103F-16F7-4668-BE54-9A1E7A4F7556}") = "Develop04", "prove\Develop04\Develop04.csproj", "{F598CBD4-4C6F-4B9B-8370-8B901167F441}"
EndProject
Project("{9A19103F-16F7-4668-BE54-9A1E7A4F7556}") = "Develop05", "prove\Develop05\Develop05.csproj", "{5D64A559-A8A4-4968-BD9D-C29ACABB13FE}"
EndProject
Project("{2150E333-8FDC-42A3-9474-1A3956D46DE8}") = "sandbox", "sandbox", "{EFFABE62-F293-4F08-BC74-DBE172A569BA}"
EndProject
Project("{9A19103F-16F7-4668-BE54-9A1E7A4F7556}") = "Sandbox", "sandbox\Sandbox\Sandbox.csproj", "{044E731A-8964-4C6D-9483-527E1E1FBB4F}"
EndProject
Global
	GlobalSection(SolutionConfigurationPlatforms) = preSolution
		Debug|Any CPU = Debug|Any CPU
		Release|Any CPU = Release|Any CPU
	EndGlobalSection
	GlobalSection(ProjectConfigurationPlatforms) = postSolution
		{6A6D3C24-741D-49ED-B54D-0E47002B1ED0}.Debug|Any CPU.ActiveCfg = Debug|Any CPU
		{6A6D3C24-741D-49ED-B54D-0E47002B1ED0}.Debug|Any CPU.Build.0 = Debug|Any CPU
		{6A6D3C24-741D-49ED-B54D-0E47002B1ED0}.Release|Any CPU.ActiveCfg = Release|Any CPU
		{6A6D3C24-741D-49ED-B54D-0E47002B1ED0}.Release|Any CPU.Build.0 = Release|Any CPU
		{2D232059-3920-4627-AF4D-84CC99CAC198}.Debug|Any CPU.ActiveCfg = Debug|Any CPU
		{2D232059-3920-4627-AF4D-84CC99CAC198}.Debug|Any CPU.Build.0 = Debug|Any CPU
		{2D232059-3920-4627-AF4D-84CC99CAC198}.Release|Any CPU.ActiveCfg = Release|Any CPU
		{2D232059-3920-4627-AF4D-84CC99CAC198}.Release|Any CPU.Build.0 = Release|Any CPU
		{1800B482-D913-47E8-9236-9A918C825426}.Debug|Any CPU.ActiveCfg = Debug|Any CPU
		{1800B482-D913-47E8-9236-9A918C825426}.Debug|Any CPU.Build.0 = Debug|Any CPU
		{1800B482-D913-47E8-9236-9A918C825426}.Release|Any CPU.ActiveCfg = Release|Any CPU
		{1800B482-D913-47E8-9236-9A918C825426}.Release|Any CPU.Build.0 = Release|Any CPU
		{01341231-E014-4AB3-9C40-5F0F469698A2}.Debug|Any CPU.ActiveCfg = Debug|Any CPU
		{01341231-E014-4AB3-9C40-5F0F469698A2}.Debug|Any CPU.Build.0 = Debug|Any CPU
		{01341231-E014-4AB3-9C40-5F0F469698A2}.Release|Any CPU.ActiveCfg = Release|Any CPU
		{01341231-E014-4AB3-9C40-5F0F469698A2}.Release|Any CPU.Build.0 = Release|Any CPU
		{4D8EB96C-2B30-43B8-B5F6-3037F607693E}.Debug|Any CPU.ActiveCfg = Debug|Any CPU
		{4D8EB96C-2B30-43B8-B5F6-3037F607693E}.Debug|Any CPU.Build.0 = Debug|Any CPU
		{4D8EB96C-2B30-43B8-B5F6-3037F607693E}.Release|Any CPU.ActiveCfg = Release|Any CPU
		{4D8EB96C-2B30-43B8-B5F6-3037F607693E}.Release|Any CPU.Build.0 = Release|Any CPU
		{C5D000A4-36F9-46B6-BB05-42D067E9496D}.Debug|Any CPU.ActiveCfg = Debug|Any CPU
		{C5D000A4-36F9-46B6-BB05-42D067E9496D}.Debug|Any CPU.Build.0 = Debug|Any CPU
		{C5D000A4-36F9-46B6-BB05-42D067E9496D}.Release|Any CPU.ActiveCfg = Release|Any CPU
		{C5D000A4-36F9-46B6-BB05-42D067E9496D}.Release|Any CPU.Build.0 = Release|Any CPU
		{92990134-4EB2-42EE-8682-71ABA612E9AA}.Debug|Any CPU.ActiveCfg = Debug|Any CPU
		{92990134-4EB2-42EE-8682-71ABA612E9AA}.Debug|Any CPU.Build.0 = Debug|Any CPU
		{92990134-4EB2-42EE-8682-71ABA612E9AA}.Release|Any CPU.ActiveCfg = Release|Any CPU
		{92990134-4EB2-42EE-8682-71ABA612E9AA}.Release|Any CPU.Build.0 = Release|Any CPU
		{9CF232BD-E268-4DFF-A066-C50CE08F3D1A}.Debug|Any CPU.ActiveCfg = Debug|Any CPU
		{9CF232BD-E268-4DFF-A066-C50CE08F3D1A}.Debug|Any CPU.Build.0 = Debug|Any CPU
		{9CF232BD-E268-4DFF-A066-C50CE08F3D1A}.Release|Any CPU.ActiveCfg = Release|Any CPU
		{9CF232BD-E268-4DFF-A066-C50CE08F3D1A}.Release|Any CPU.Build.0 = Release|Any CPU
		{D45412F7-53AF-4D34-964E-1145EAFB7157}.Debug|Any CPU.ActiveCfg = Debug|Any CPU
		{D45412F7-53AF-4D34-964E-1145EAFB7157}.Debug|Any CPU.Build.0 = Debug|Any CPU
		{D45412F7-53AF-4D34-964E-1145EAFB7157}.Release|Any CPU.ActiveCfg = Release|Any CPU
		{D45412F7-53AF-4D34-964E-1145EAFB7157}.Release|Any CPU.Build.0 = Release|Any CPU
		{50354A0C-A3FF-41D8-8AA4-8BB16EE4D584}.Debug|Any CPU.ActiveCfg = Debug|Any CPU
		{50354A0C-A3FF-41D8-8AA4-8BB16EE4D584}.Debug|Any CPU.Build.0 = Debug|Any CPU
		{50354A0C-A3FF-41D8-8AA4-8BB16EE4D584}.Release|Any CPU.ActiveCfg = Release|Any CPU
		{50354A0C-A3FF-41D8-8AA4-8BB16EE4D584}.Release|Any CPU.Build.0 = Release|Any CPU
		{088058D9-0BC6-4A3F-8970-DE78AD734039}.Debug|Any CPU.ActiveCfg = Debug|Any CPU
		{088058D9-0BC6-4A3F-8970-DE78AD734039}.Debug|Any CPU.Build.0 = Debug|Any CPU
		{088058D9-0BC6-4A3F-8970-DE78AD734039}.Release|Any CPU.ActiveCfg = Release|Any CPU
		{088058D9-0BC6-4A3F-8970-DE78AD734039}.Release|Any CPU.Build.0 = Release|Any CPU
		{045C1311-55AD-42DE-B195-59FFA02B41A8}.Debug|Any CPU.ActiveCfg = Debug|Any CPU
		{045C1311-55AD-42DE-B195-59FFA02B41A8}.Debug|Any CPU.Build.0 = Debug|Any CPU
		{045C1311-55AD-42DE-B195-59FFA02B41A8}.Release|Any CPU.ActiveCfg = Release|Any CPU
		{045C1311-55AD-42DE-B195-59FFA02B41A8}.Release|Any CPU.Build.0 = Release|Any CPU
		{77395E26-274B-44C1-B4A4-DD5AB51ECE79}.Debug|Any CPU.ActiveCfg = Debug|Any CPU
		{77395E26-274B-44C1-B4A4-DD5AB51ECE79}.Debug|Any CPU.Build.0 = Debug|Any CPU
		{77395E26-274B-44C1-B4A4-DD5AB51ECE79}.Release|Any CPU.ActiveCfg = Release|Any CPU
		{77395E26-274B-44C1-B4A4-DD5AB51ECE79}.Release|Any CPU.Build.0 = Release|Any CPU
		{B4B5841F-A83A-4324-B9C6-F6ED6DAE3C63}.Debug|Any CPU.ActiveCfg = Debug|Any CPU
		{B4B5841F-A83A-4324-B9C6-F6ED6DAE3C63}.Debug|Any CPU.Build.0 = Debug|Any CPU
		{B4B5841F-A83A-4324-B9C6-F6ED6DAE3C63}.Release|Any CPU.ActiveCfg = Release|Any CPU
		{B4B5841F-A83A-4324-B9C6-F6ED6DAE3C63}.Release|Any CPU.Build.0 = Release|Any CPU
		{6EC09FA2-7E8E-49FE-9584-AE239C40692C}.Debug|Any CPU.ActiveCfg = Debug|Any CPU
		{6EC09FA2-7E8E-49FE-9584-AE239C40692C}.Debug|Any CPU.Build.0 = Debug|Any CPU
		{6EC09FA2-7E8E-49FE-9584-AE239C40692C}.Release|Any CPU.ActiveCfg = Release|Any CPU
		{6EC09FA2-7E8E-49FE-9584-AE239C40692C}.Release|Any CPU.Build.0 = Release|Any CPU
		{D7738B4B-D6E2-48CF-B0D7-9649B0DF7325}.Debug|Any CPU.ActiveCfg = Debug|Any CPU
		{D7738B4B-D6E2-48CF-B0D7-9649B0DF7325}.Debug|Any CPU.Build.0 = Debug|Any CPU
		{D7738B4B-D6E2-48CF-B0D7-9649B0DF7325}.Release|Any CPU.ActiveCfg = Release|Any CPU
		{D7738B4B-D6E2-48CF-B0D7-9649B0DF7325}.Release|Any CPU.Build.0 = Release|Any CPU
		{F598CBD4-4C6F-4B9B-8370-8B901167F441}.Debug|Any CPU.ActiveCfg = Debug|Any CPU
		{F598CBD4-4C6F-4B9B-8370-8B901167F441}.Debug|Any CPU.Build.0 = Debug|Any CPU
		{F598CBD4-4C6F-4B9B-8370-8B901167F441}.Release|Any CPU.ActiveCfg = Release|Any CPU
		{F598CBD4-4C6F-4B9B-8370-8B901167F441}.Release|Any CPU.Build.0 = Release|Any CPU
		{5D64A559-A8A4-4968-BD9D-C29ACABB13FE}.Debug|Any CPU.ActiveCfg = Debug|Any CPU
		{5D64A559-A8A4-4968-BD9D-C29ACABB13FE}.Debug|Any CPU.Build.0 = Debug|Any CPU
		{5D64A559-A8A4-4968-BD9D-C29ACABB13FE}.Release|Any CPU.ActiveCfg = Release|Any CPU
		{5D64A559-A8A4-4968-BD9D-C29ACABB13FE}.Release|Any CPU.Build.0 = Release|Any CPU
		{044E731A-8964-4C6D-9483-527E1E1FBB4F}.Debug|Any CPU.ActiveCfg = Debug|Any CPU
		{044E731A-8964-4C6D-9483-527E1E1FBB4F}.Debug|Any CPU.Build.0 = Debug|Any CPU
		{044E731A-8964-4C6D-9483-527E1E1FBB4F}.Release|Any CPU.ActiveCfg = Release|Any CPU
		{044E731A-8964-4C6D-9483-527E1E1FBB4F}.Release|Any CPU.Build.0 = Release|Any CPU
	EndGlobalSection
	GlobalSection(SolutionProperties) = preSolution
		HideSolutionNode = FALSE
	EndGlobalSection
	GlobalSection(NestedProjects) = preSolution
		{6A6D3C24-741D-49ED-B54D-0E47002B1ED0} = {22E8E309-53EB-40F3-8EB7-E0E48A99A114}
		{2D232059-3920-4627-AF4D-84CC99CAC198} = {22E8E309-53EB-40F3-8EB7-E0E48A99A114}
		{1800B482-D913-47E8-9236-9A918C825426} = {22E8E309-53EB-40F3-8EB7-E0E48A99A114}
		{01341231-E014-4AB3-9C40-5F0F469698A2} = {22E8E309-53EB-40F3-8EB7-E0E48A99A114}
		{4D8EB96C-2B30-43B8-B5F6-3037F607693E} = {22E8E309-53EB-40F3-8EB7-E0E48A99A114}
		{C5D000A4-36F9-46B6-BB05-42D067E9496D} = {C2218F35-D58C-4D72-AE78-F6AC85CD1BDA}
		{92990134-4EB2-42EE-8682-71ABA612E9AA} = {C2218F35-D58C-4D72-AE78-F6AC85CD1BDA}
		{9CF232BD-E268-4DFF-A066-C50CE08F3D1A} = {C2218F35-D58C-4D72-AE78-F6AC85CD1BDA}
		{D45412F7-53AF-4D34-964E-1145EAFB7157} = {C2218F35-D58C-4D72-AE78-F6AC85CD1BDA}
		{50354A0C-A3FF-41D8-8AA4-8BB16EE4D584} = {C2218F35-D58C-4D72-AE78-F6AC85CD1BDA}
		{088058D9-0BC6-4A3F-8970-DE78AD734039} = {F922A71C-68B9-4352-84FA-CB3D93C534AD}
		{045C1311-55AD-42DE-B195-59FFA02B41A8} = {F922A71C-68B9-4352-84FA-CB3D93C534AD}
		{77395E26-274B-44C1-B4A4-DD5AB51ECE79} = {F922A71C-68B9-4352-84FA-CB3D93C534AD}
		{B4B5841F-A83A-4324-B9C6-F6ED6DAE3C63} = {F922A71C-68B9-4352-84FA-CB3D93C534AD}
		{6EC09FA2-7E8E-49FE-9584-AE239C40692C} = {49CDF280-6B67-412C-B2B2-BE4733CC63DB}
		{D7738B4B-D6E2-48CF-B0D7-9649B0DF7325} = {49CDF280-6B67-412C-B2B2-BE4733CC63DB}
		{F598CBD4-4C6F-4B9B-8370-8B901167F441} = {49CDF280-6B67-412C-B2B2-BE4733CC63DB}
		{5D64A559-A8A4-4968-BD9D-C29ACABB13FE} = {49CDF280-6B67-412C-B2B2-BE4733CC63DB}
		{044E731A-8964-4C6D-9483-527E1E1FBB4F} = {EFFABE62-F293-4F08-BC74-DBE172A569BA}
	EndGlobalSection
	GlobalSection(ExtensibilityGlobals) = postSolution
		SolutionGuid = {22C79592-4EAC-446F-9CD8-A51C410465F8}
	EndGlobalSection
EndGlobal
